
Microsoft Visual Studio Solution File, Format Version 12.00
# Visual Studio 15
VisualStudioVersion = 15.0.26730.10
MinimumVisualStudioVersion = 10.0.40219.1
Project("{FAE04EC0-301F-11D3-BF4B-00C04F79EFBC}") = "RandomType", "RandomType\RandomType.csproj", "{FCEE0EBA-D141-4BAF-8D9E-1C28C4D3F514}"
EndProject
Project("{FAE04EC0-301F-11D3-BF4B-00C04F79EFBC}") = "RandomType.Console", "RandomType.Console\RandomType.Console.csproj", "{E48A95C4-C004-4432-AD8D-5D086DFE6C49}"
EndProject
Global
	GlobalSection(SolutionConfigurationPlatforms) = preSolution
		Debug|Any CPU = Debug|Any CPU
		Release|Any CPU = Release|Any CPU
	EndGlobalSection
	GlobalSection(ProjectConfigurationPlatforms) = postSolution
		{FCEE0EBA-D141-4BAF-8D9E-1C28C4D3F514}.Debug|Any CPU.ActiveCfg = Debug|Any CPU
		{FCEE0EBA-D141-4BAF-8D9E-1C28C4D3F514}.Debug|Any CPU.Build.0 = Debug|Any CPU
		{FCEE0EBA-D141-4BAF-8D9E-1C28C4D3F514}.Release|Any CPU.ActiveCfg = Release|Any CPU
		{FCEE0EBA-D141-4BAF-8D9E-1C28C4D3F514}.Release|Any CPU.Build.0 = Release|Any CPU
		{E48A95C4-C004-4432-AD8D-5D086DFE6C49}.Debug|Any CPU.ActiveCfg = Debug|Any CPU
		{E48A95C4-C004-4432-AD8D-5D086DFE6C49}.Debug|Any CPU.Build.0 = Debug|Any CPU
		{E48A95C4-C004-4432-AD8D-5D086DFE6C49}.Release|Any CPU.ActiveCfg = Release|Any CPU
		{E48A95C4-C004-4432-AD8D-5D086DFE6C49}.Release|Any CPU.Build.0 = Release|Any CPU
	EndGlobalSection
	GlobalSection(SolutionProperties) = preSolution
		HideSolutionNode = FALSE
	EndGlobalSection
	GlobalSection(ExtensibilityGlobals) = postSolution
		SolutionGuid = {BB777A37-DE33-4D4F-85B7-14CDCE5B5B13}
	EndGlobalSection
EndGlobal
